// !$*UTF8*$!
{
	archiveVersion = 1;
	classes = {
	};
	objectVersion = 46;
	objects = {

/* Begin PBXBuildFile section */
		9D0E82A51D62C2D700EFE42D /* AppDelegate.swift in Sources */ = {isa = PBXBuildFile; fileRef = 9D0E82A41D62C2D700EFE42D /* AppDelegate.swift */; };
		9D0E82A71D62C2D700EFE42D /* ViewController.swift in Sources */ = {isa = PBXBuildFile; fileRef = 9D0E82A61D62C2D700EFE42D /* ViewController.swift */; };
		9D0E82AA1D62C2D700EFE42D /* Main.storyboard in Resources */ = {isa = PBXBuildFile; fileRef = 9D0E82A81D62C2D700EFE42D /* Main.storyboard */; };
		9D0E82AC1D62C2D700EFE42D /* Assets.xcassets in Resources */ = {isa = PBXBuildFile; fileRef = 9D0E82AB1D62C2D700EFE42D /* Assets.xcassets */; };
		9D0E82AF1D62C2D700EFE42D /* LaunchScreen.storyboard in Resources */ = {isa = PBXBuildFile; fileRef = 9D0E82AD1D62C2D700EFE42D /* LaunchScreen.storyboard */; };
		9D0E82BA1D62C2D700EFE42D /* UT_Meal_Plan_TrackerTests.swift in Sources */ = {isa = PBXBuildFile; fileRef = 9D0E82B91D62C2D700EFE42D /* UT_Meal_Plan_TrackerTests.swift */; };
		9D0E82C51D62C2D700EFE42D /* UT_Meal_Plan_TrackerUITests.swift in Sources */ = {isa = PBXBuildFile; fileRef = 9D0E82C41D62C2D700EFE42D /* UT_Meal_Plan_TrackerUITests.swift */; };
		9D6AD01C1D63711D00D307DC /* NotificationCenter.framework in Frameworks */ = {isa = PBXBuildFile; fileRef = 9D6AD01B1D63711D00D307DC /* NotificationCenter.framework */; };
		9D6AD01F1D63711D00D307DC /* TodayViewController.swift in Sources */ = {isa = PBXBuildFile; fileRef = 9D6AD01E1D63711D00D307DC /* TodayViewController.swift */; };
		9D6AD0221D63711D00D307DC /* MainInterface.storyboard in Resources */ = {isa = PBXBuildFile; fileRef = 9D6AD0201D63711D00D307DC /* MainInterface.storyboard */; };
		9D6AD0261D63711D00D307DC /* UT Meal Plan Tracker Widget.appex in Embed App Extensions */ = {isa = PBXBuildFile; fileRef = 9D6AD0191D63711D00D307DC /* UT Meal Plan Tracker Widget.appex */; settings = {ATTRIBUTES = (RemoveHeadersOnCopy, ); }; };
		9D6AD02C1D63768500D307DC /* Settings.bundle in Resources */ = {isa = PBXBuildFile; fileRef = 9D6AD02B1D63768500D307DC /* Settings.bundle */; };
/* End PBXBuildFile section */

/* Begin PBXContainerItemProxy section */
		9D0E82B61D62C2D700EFE42D /* PBXContainerItemProxy */ = {
			isa = PBXContainerItemProxy;
			containerPortal = 9D0E82991D62C2D700EFE42D /* Project object */;
			proxyType = 1;
			remoteGlobalIDString = 9D0E82A01D62C2D700EFE42D;
			remoteInfo = "UT Meal Plan Tracker";
		};
		9D0E82C11D62C2D700EFE42D /* PBXContainerItemProxy */ = {
			isa = PBXContainerItemProxy;
			containerPortal = 9D0E82991D62C2D700EFE42D /* Project object */;
			proxyType = 1;
			remoteGlobalIDString = 9D0E82A01D62C2D700EFE42D;
			remoteInfo = "UT Meal Plan Tracker";
		};
		9D6AD0241D63711D00D307DC /* PBXContainerItemProxy */ = {
			isa = PBXContainerItemProxy;
			containerPortal = 9D0E82991D62C2D700EFE42D /* Project object */;
			proxyType = 1;
			remoteGlobalIDString = 9D6AD0181D63711D00D307DC;
			remoteInfo = "UT Meal Plan Tracker Widget";
		};
/* End PBXContainerItemProxy section */

/* Begin PBXCopyFilesBuildPhase section */
		9D6AD02A1D63711D00D307DC /* Embed App Extensions */ = {
			isa = PBXCopyFilesBuildPhase;
			buildActionMask = 2147483647;
			dstPath = "";
			dstSubfolderSpec = 13;
			files = (
				9D6AD0261D63711D00D307DC /* UT Meal Plan Tracker Widget.appex in Embed App Extensions */,
			);
			name = "Embed App Extensions";
			runOnlyForDeploymentPostprocessing = 0;
		};
/* End PBXCopyFilesBuildPhase section */

/* Begin PBXFileReference section */
		9D0E82A11D62C2D700EFE42D /* UT Meal Plan Tracker.app */ = {isa = PBXFileReference; explicitFileType = wrapper.application; includeInIndex = 0; path = "UT Meal Plan Tracker.app"; sourceTree = BUILT_PRODUCTS_DIR; };
		9D0E82A41D62C2D700EFE42D /* AppDelegate.swift */ = {isa = PBXFileReference; lastKnownFileType = sourcecode.swift; path = AppDelegate.swift; sourceTree = "<group>"; };
		9D0E82A61D62C2D700EFE42D /* ViewController.swift */ = {isa = PBXFileReference; lastKnownFileType = sourcecode.swift; path = ViewController.swift; sourceTree = "<group>"; };
		9D0E82A91D62C2D700EFE42D /* Base */ = {isa = PBXFileReference; lastKnownFileType = file.storyboard; name = Base; path = Base.lproj/Main.storyboard; sourceTree = "<group>"; };
		9D0E82AB1D62C2D700EFE42D /* Assets.xcassets */ = {isa = PBXFileReference; lastKnownFileType = folder.assetcatalog; path = Assets.xcassets; sourceTree = "<group>"; };
		9D0E82AE1D62C2D700EFE42D /* Base */ = {isa = PBXFileReference; lastKnownFileType = file.storyboard; name = Base; path = Base.lproj/LaunchScreen.storyboard; sourceTree = "<group>"; };
		9D0E82B01D62C2D700EFE42D /* Info.plist */ = {isa = PBXFileReference; lastKnownFileType = text.plist.xml; path = Info.plist; sourceTree = "<group>"; };
		9D0E82B51D62C2D700EFE42D /* UT Meal Plan TrackerTests.xctest */ = {isa = PBXFileReference; explicitFileType = wrapper.cfbundle; includeInIndex = 0; path = "UT Meal Plan TrackerTests.xctest"; sourceTree = BUILT_PRODUCTS_DIR; };
		9D0E82B91D62C2D700EFE42D /* UT_Meal_Plan_TrackerTests.swift */ = {isa = PBXFileReference; lastKnownFileType = sourcecode.swift; path = UT_Meal_Plan_TrackerTests.swift; sourceTree = "<group>"; };
		9D0E82BB1D62C2D700EFE42D /* Info.plist */ = {isa = PBXFileReference; lastKnownFileType = text.plist.xml; path = Info.plist; sourceTree = "<group>"; };
		9D0E82C01D62C2D700EFE42D /* UT Meal Plan TrackerUITests.xctest */ = {isa = PBXFileReference; explicitFileType = wrapper.cfbundle; includeInIndex = 0; path = "UT Meal Plan TrackerUITests.xctest"; sourceTree = BUILT_PRODUCTS_DIR; };
		9D0E82C41D62C2D700EFE42D /* UT_Meal_Plan_TrackerUITests.swift */ = {isa = PBXFileReference; lastKnownFileType = sourcecode.swift; path = UT_Meal_Plan_TrackerUITests.swift; sourceTree = "<group>"; };
		9D0E82C61D62C2D700EFE42D /* Info.plist */ = {isa = PBXFileReference; lastKnownFileType = text.plist.xml; path = Info.plist; sourceTree = "<group>"; };
		9D6AD0191D63711D00D307DC /* UT Meal Plan Tracker Widget.appex */ = {isa = PBXFileReference; explicitFileType = "wrapper.app-extension"; includeInIndex = 0; path = "UT Meal Plan Tracker Widget.appex"; sourceTree = BUILT_PRODUCTS_DIR; };
		9D6AD01B1D63711D00D307DC /* NotificationCenter.framework */ = {isa = PBXFileReference; lastKnownFileType = wrapper.framework; name = NotificationCenter.framework; path = System/Library/Frameworks/NotificationCenter.framework; sourceTree = SDKROOT; };
		9D6AD01E1D63711D00D307DC /* TodayViewController.swift */ = {isa = PBXFileReference; lastKnownFileType = sourcecode.swift; path = TodayViewController.swift; sourceTree = "<group>"; };
		9D6AD0211D63711D00D307DC /* Base */ = {isa = PBXFileReference; lastKnownFileType = file.storyboard; name = Base; path = Base.lproj/MainInterface.storyboard; sourceTree = "<group>"; };
		9D6AD0231D63711D00D307DC /* Info.plist */ = {isa = PBXFileReference; lastKnownFileType = text.plist.xml; path = Info.plist; sourceTree = "<group>"; };
		9D6AD02B1D63768500D307DC /* Settings.bundle */ = {isa = PBXFileReference; lastKnownFileType = "wrapper.plug-in"; path = Settings.bundle; sourceTree = "<group>"; };
/* End PBXFileReference section */

/* Begin PBXFrameworksBuildPhase section */
		9D0E829E1D62C2D700EFE42D /* Frameworks */ = {
			isa = PBXFrameworksBuildPhase;
			buildActionMask = 2147483647;
			files = (
			);
			runOnlyForDeploymentPostprocessing = 0;
		};
		9D0E82B21D62C2D700EFE42D /* Frameworks */ = {
			isa = PBXFrameworksBuildPhase;
			buildActionMask = 2147483647;
			files = (
			);
			runOnlyForDeploymentPostprocessing = 0;
		};
		9D0E82BD1D62C2D700EFE42D /* Frameworks */ = {
			isa = PBXFrameworksBuildPhase;
			buildActionMask = 2147483647;
			files = (
			);
			runOnlyForDeploymentPostprocessing = 0;
		};
		9D6AD0161D63711D00D307DC /* Frameworks */ = {
			isa = PBXFrameworksBuildPhase;
			buildActionMask = 2147483647;
			files = (
				9D6AD01C1D63711D00D307DC /* NotificationCenter.framework in Frameworks */,
			);
			runOnlyForDeploymentPostprocessing = 0;
		};
/* End PBXFrameworksBuildPhase section */

/* Begin PBXGroup section */
		9D0E82981D62C2D700EFE42D = {
			isa = PBXGroup;
			children = (
				9D6AD02B1D63768500D307DC /* Settings.bundle */,
				9D0E82A31D62C2D700EFE42D /* UT Meal Plan Tracker */,
				9D0E82B81D62C2D700EFE42D /* UT Meal Plan TrackerTests */,
				9D0E82C31D62C2D700EFE42D /* UT Meal Plan TrackerUITests */,
				9D6AD01D1D63711D00D307DC /* UT Meal Plan Tracker Widget */,
				9D6AD01A1D63711D00D307DC /* Frameworks */,
				9D0E82A21D62C2D700EFE42D /* Products */,
			);
			sourceTree = "<group>";
		};
		9D0E82A21D62C2D700EFE42D /* Products */ = {
			isa = PBXGroup;
			children = (
				9D0E82A11D62C2D700EFE42D /* UT Meal Plan Tracker.app */,
				9D0E82B51D62C2D700EFE42D /* UT Meal Plan TrackerTests.xctest */,
				9D0E82C01D62C2D700EFE42D /* UT Meal Plan TrackerUITests.xctest */,
				9D6AD0191D63711D00D307DC /* UT Meal Plan Tracker Widget.appex */,
			);
			name = Products;
			sourceTree = "<group>";
		};
		9D0E82A31D62C2D700EFE42D /* UT Meal Plan Tracker */ = {
			isa = PBXGroup;
			children = (
				9D0E82A41D62C2D700EFE42D /* AppDelegate.swift */,
				9D0E82A61D62C2D700EFE42D /* ViewController.swift */,
				9D0E82A81D62C2D700EFE42D /* Main.storyboard */,
				9D0E82AB1D62C2D700EFE42D /* Assets.xcassets */,
				9D0E82AD1D62C2D700EFE42D /* LaunchScreen.storyboard */,
				9D0E82B01D62C2D700EFE42D /* Info.plist */,
			);
			path = "UT Meal Plan Tracker";
			sourceTree = "<group>";
		};
		9D0E82B81D62C2D700EFE42D /* UT Meal Plan TrackerTests */ = {
			isa = PBXGroup;
			children = (
				9D0E82B91D62C2D700EFE42D /* UT_Meal_Plan_TrackerTests.swift */,
				9D0E82BB1D62C2D700EFE42D /* Info.plist */,
			);
			path = "UT Meal Plan TrackerTests";
			sourceTree = "<group>";
		};
		9D0E82C31D62C2D700EFE42D /* UT Meal Plan TrackerUITests */ = {
			isa = PBXGroup;
			children = (
				9D0E82C41D62C2D700EFE42D /* UT_Meal_Plan_TrackerUITests.swift */,
				9D0E82C61D62C2D700EFE42D /* Info.plist */,
			);
			path = "UT Meal Plan TrackerUITests";
			sourceTree = "<group>";
		};
		9D6AD01A1D63711D00D307DC /* Frameworks */ = {
			isa = PBXGroup;
			children = (
				9D6AD01B1D63711D00D307DC /* NotificationCenter.framework */,
			);
			name = Frameworks;
			sourceTree = "<group>";
		};
		9D6AD01D1D63711D00D307DC /* UT Meal Plan Tracker Widget */ = {
			isa = PBXGroup;
			children = (
				9D6AD01E1D63711D00D307DC /* TodayViewController.swift */,
				9D6AD0201D63711D00D307DC /* MainInterface.storyboard */,
				9D6AD0231D63711D00D307DC /* Info.plist */,
			);
			path = "UT Meal Plan Tracker Widget";
			sourceTree = "<group>";
		};
/* End PBXGroup section */

/* Begin PBXNativeTarget section */
		9D0E82A01D62C2D700EFE42D /* UT Meal Plan Tracker */ = {
			isa = PBXNativeTarget;
			buildConfigurationList = 9D0E82C91D62C2D700EFE42D /* Build configuration list for PBXNativeTarget "UT Meal Plan Tracker" */;
			buildPhases = (
				9D0E829D1D62C2D700EFE42D /* Sources */,
				9D0E829E1D62C2D700EFE42D /* Frameworks */,
				9D0E829F1D62C2D700EFE42D /* Resources */,
				9D6AD02A1D63711D00D307DC /* Embed App Extensions */,
			);
			buildRules = (
			);
			dependencies = (
				9D6AD0251D63711D00D307DC /* PBXTargetDependency */,
			);
			name = "UT Meal Plan Tracker";
			productName = "UT Meal Plan Tracker";
			productReference = 9D0E82A11D62C2D700EFE42D /* UT Meal Plan Tracker.app */;
			productType = "com.apple.product-type.application";
		};
		9D0E82B41D62C2D700EFE42D /* UT Meal Plan TrackerTests */ = {
			isa = PBXNativeTarget;
			buildConfigurationList = 9D0E82CC1D62C2D700EFE42D /* Build configuration list for PBXNativeTarget "UT Meal Plan TrackerTests" */;
			buildPhases = (
				9D0E82B11D62C2D700EFE42D /* Sources */,
				9D0E82B21D62C2D700EFE42D /* Frameworks */,
				9D0E82B31D62C2D700EFE42D /* Resources */,
			);
			buildRules = (
			);
			dependencies = (
				9D0E82B71D62C2D700EFE42D /* PBXTargetDependency */,
			);
			name = "UT Meal Plan TrackerTests";
			productName = "UT Meal Plan TrackerTests";
			productReference = 9D0E82B51D62C2D700EFE42D /* UT Meal Plan TrackerTests.xctest */;
			productType = "com.apple.product-type.bundle.unit-test";
		};
		9D0E82BF1D62C2D700EFE42D /* UT Meal Plan TrackerUITests */ = {
			isa = PBXNativeTarget;
			buildConfigurationList = 9D0E82CF1D62C2D700EFE42D /* Build configuration list for PBXNativeTarget "UT Meal Plan TrackerUITests" */;
			buildPhases = (
				9D0E82BC1D62C2D700EFE42D /* Sources */,
				9D0E82BD1D62C2D700EFE42D /* Frameworks */,
				9D0E82BE1D62C2D700EFE42D /* Resources */,
			);
			buildRules = (
			);
			dependencies = (
				9D0E82C21D62C2D700EFE42D /* PBXTargetDependency */,
			);
			name = "UT Meal Plan TrackerUITests";
			productName = "UT Meal Plan TrackerUITests";
			productReference = 9D0E82C01D62C2D700EFE42D /* UT Meal Plan TrackerUITests.xctest */;
			productType = "com.apple.product-type.bundle.ui-testing";
		};
		9D6AD0181D63711D00D307DC /* UT Meal Plan Tracker Widget */ = {
			isa = PBXNativeTarget;
			buildConfigurationList = 9D6AD0291D63711D00D307DC /* Build configuration list for PBXNativeTarget "UT Meal Plan Tracker Widget" */;
			buildPhases = (
				9D6AD0151D63711D00D307DC /* Sources */,
				9D6AD0161D63711D00D307DC /* Frameworks */,
				9D6AD0171D63711D00D307DC /* Resources */,
			);
			buildRules = (
			);
			dependencies = (
			);
			name = "UT Meal Plan Tracker Widget";
			productName = "UT Meal Plan Tracker Widget";
			productReference = 9D6AD0191D63711D00D307DC /* UT Meal Plan Tracker Widget.appex */;
			productType = "com.apple.product-type.app-extension";
		};
/* End PBXNativeTarget section */

/* Begin PBXProject section */
		9D0E82991D62C2D700EFE42D /* Project object */ = {
			isa = PBXProject;
			attributes = {
				LastSwiftUpdateCheck = 0800;
				LastUpgradeCheck = 0800;
				ORGANIZATIONNAME = "Souvik Banerjee";
				TargetAttributes = {
					9D0E82A01D62C2D700EFE42D = {
						CreatedOnToolsVersion = 8.0;
						DevelopmentTeam = J49BFWP8H6;
						ProvisioningStyle = Automatic;
					};
					9D0E82B41D62C2D700EFE42D = {
						CreatedOnToolsVersion = 8.0;
						DevelopmentTeam = J49BFWP8H6;
						ProvisioningStyle = Automatic;
						TestTargetID = 9D0E82A01D62C2D700EFE42D;
					};
					9D0E82BF1D62C2D700EFE42D = {
						CreatedOnToolsVersion = 8.0;
						DevelopmentTeam = J49BFWP8H6;
						ProvisioningStyle = Automatic;
						TestTargetID = 9D0E82A01D62C2D700EFE42D;
					};
					9D6AD0181D63711D00D307DC = {
						CreatedOnToolsVersion = 8.0;
						DevelopmentTeam = J49BFWP8H6;
						ProvisioningStyle = Automatic;
					};
				};
			};
			buildConfigurationList = 9D0E829C1D62C2D700EFE42D /* Build configuration list for PBXProject "UT Meal Plan Tracker" */;
			compatibilityVersion = "Xcode 3.2";
			developmentRegion = English;
			hasScannedForEncodings = 0;
			knownRegions = (
				en,
				Base,
			);
			mainGroup = 9D0E82981D62C2D700EFE42D;
			productRefGroup = 9D0E82A21D62C2D700EFE42D /* Products */;
			projectDirPath = "";
			projectRoot = "";
			targets = (
				9D0E82A01D62C2D700EFE42D /* UT Meal Plan Tracker */,
				9D0E82B41D62C2D700EFE42D /* UT Meal Plan TrackerTests */,
				9D0E82BF1D62C2D700EFE42D /* UT Meal Plan TrackerUITests */,
				9D6AD0181D63711D00D307DC /* UT Meal Plan Tracker Widget */,
			);
		};
/* End PBXProject section */

/* Begin PBXResourcesBuildPhase section */
		9D0E829F1D62C2D700EFE42D /* Resources */ = {
			isa = PBXResourcesBuildPhase;
			buildActionMask = 2147483647;
			files = (
				9D6AD02C1D63768500D307DC /* Settings.bundle in Resources */,
				9D0E82AF1D62C2D700EFE42D /* LaunchScreen.storyboard in Resources */,
				9D0E82AC1D62C2D700EFE42D /* Assets.xcassets in Resources */,
				9D0E82AA1D62C2D700EFE42D /* Main.storyboard in Resources */,
			);
			runOnlyForDeploymentPostprocessing = 0;
		};
		9D0E82B31D62C2D700EFE42D /* Resources */ = {
			isa = PBXResourcesBuildPhase;
			buildActionMask = 2147483647;
			files = (
			);
			runOnlyForDeploymentPostprocessing = 0;
		};
		9D0E82BE1D62C2D700EFE42D /* Resources */ = {
			isa = PBXResourcesBuildPhase;
			buildActionMask = 2147483647;
			files = (
			);
			runOnlyForDeploymentPostprocessing = 0;
		};
		9D6AD0171D63711D00D307DC /* Resources */ = {
			isa = PBXResourcesBuildPhase;
			buildActionMask = 2147483647;
			files = (
				9D6AD0221D63711D00D307DC /* MainInterface.storyboard in Resources */,
			);
			runOnlyForDeploymentPostprocessing = 0;
		};
/* End PBXResourcesBuildPhase section */

/* Begin PBXSourcesBuildPhase section */
		9D0E829D1D62C2D700EFE42D /* Sources */ = {
			isa = PBXSourcesBuildPhase;
			buildActionMask = 2147483647;
			files = (
				9D0E82A71D62C2D700EFE42D /* ViewController.swift in Sources */,
				9D0E82A51D62C2D700EFE42D /* AppDelegate.swift in Sources */,
			);
			runOnlyForDeploymentPostprocessing = 0;
		};
		9D0E82B11D62C2D700EFE42D /* Sources */ = {
			isa = PBXSourcesBuildPhase;
			buildActionMask = 2147483647;
			files = (
				9D0E82BA1D62C2D700EFE42D /* UT_Meal_Plan_TrackerTests.swift in Sources */,
			);
			runOnlyForDeploymentPostprocessing = 0;
		};
		9D0E82BC1D62C2D700EFE42D /* Sources */ = {
			isa = PBXSourcesBuildPhase;
			buildActionMask = 2147483647;
			files = (
				9D0E82C51D62C2D700EFE42D /* UT_Meal_Plan_TrackerUITests.swift in Sources */,
			);
			runOnlyForDeploymentPostprocessing = 0;
		};
		9D6AD0151D63711D00D307DC /* Sources */ = {
			isa = PBXSourcesBuildPhase;
			buildActionMask = 2147483647;
			files = (
				9D6AD01F1D63711D00D307DC /* TodayViewController.swift in Sources */,
			);
			runOnlyForDeploymentPostprocessing = 0;
		};
/* End PBXSourcesBuildPhase section */

/* Begin PBXTargetDependency section */
		9D0E82B71D62C2D700EFE42D /* PBXTargetDependency */ = {
			isa = PBXTargetDependency;
			target = 9D0E82A01D62C2D700EFE42D /* UT Meal Plan Tracker */;
			targetProxy = 9D0E82B61D62C2D700EFE42D /* PBXContainerItemProxy */;
		};
		9D0E82C21D62C2D700EFE42D /* PBXTargetDependency */ = {
			isa = PBXTargetDependency;
			target = 9D0E82A01D62C2D700EFE42D /* UT Meal Plan Tracker */;
			targetProxy = 9D0E82C11D62C2D700EFE42D /* PBXContainerItemProxy */;
		};
		9D6AD0251D63711D00D307DC /* PBXTargetDependency */ = {
			isa = PBXTargetDependency;
			target = 9D6AD0181D63711D00D307DC /* UT Meal Plan Tracker Widget */;
			targetProxy = 9D6AD0241D63711D00D307DC /* PBXContainerItemProxy */;
		};
/* End PBXTargetDependency section */

/* Begin PBXVariantGroup section */
		9D0E82A81D62C2D700EFE42D /* Main.storyboard */ = {
			isa = PBXVariantGroup;
			children = (
				9D0E82A91D62C2D700EFE42D /* Base */,
			);
			name = Main.storyboard;
			sourceTree = "<group>";
		};
		9D0E82AD1D62C2D700EFE42D /* LaunchScreen.storyboard */ = {
			isa = PBXVariantGroup;
			children = (
				9D0E82AE1D62C2D700EFE42D /* Base */,
			);
			name = LaunchScreen.storyboard;
			sourceTree = "<group>";
		};
		9D6AD0201D63711D00D307DC /* MainInterface.storyboard */ = {
			isa = PBXVariantGroup;
			children = (
				9D6AD0211D63711D00D307DC /* Base */,
			);
			name = MainInterface.storyboard;
			sourceTree = "<group>";
		};
/* End PBXVariantGroup section */

/* Begin XCBuildConfiguration section */
		9D0E82C71D62C2D700EFE42D /* Debug */ = {
			isa = XCBuildConfiguration;
			buildSettings = {
				ALWAYS_SEARCH_USER_PATHS = NO;
				CLANG_ANALYZER_NONNULL = YES;
				CLANG_CXX_LANGUAGE_STANDARD = "gnu++0x";
				CLANG_CXX_LIBRARY = "libc++";
				CLANG_ENABLE_MODULES = YES;
				CLANG_ENABLE_OBJC_ARC = YES;
				CLANG_WARN_BOOL_CONVERSION = YES;
				CLANG_WARN_CONSTANT_CONVERSION = YES;
				CLANG_WARN_DIRECT_OBJC_ISA_USAGE = YES_ERROR;
				CLANG_WARN_DOCUMENTATION_COMMENTS = YES;
				CLANG_WARN_EMPTY_BODY = YES;
				CLANG_WARN_ENUM_CONVERSION = YES;
				CLANG_WARN_INFINITE_RECURSION = YES;
				CLANG_WARN_INT_CONVERSION = YES;
				CLANG_WARN_OBJC_ROOT_CLASS = YES_ERROR;
				CLANG_WARN_SUSPICIOUS_MOVES = YES;
				CLANG_WARN_UNREACHABLE_CODE = YES;
				CLANG_WARN__DUPLICATE_METHOD_MATCH = YES;
				"CODE_SIGN_IDENTITY[sdk=iphoneos*]" = "iPhone Developer";
				COPY_PHASE_STRIP = NO;
				DEBUG_INFORMATION_FORMAT = dwarf;
				ENABLE_STRICT_OBJC_MSGSEND = YES;
				ENABLE_TESTABILITY = YES;
				GCC_C_LANGUAGE_STANDARD = gnu99;
				GCC_DYNAMIC_NO_PIC = NO;
				GCC_NO_COMMON_BLOCKS = YES;
				GCC_OPTIMIZATION_LEVEL = 0;
				GCC_PREPROCESSOR_DEFINITIONS = (
					"DEBUG=1",
					"$(inherited)",
				);
				GCC_WARN_64_TO_32_BIT_CONVERSION = YES;
				GCC_WARN_ABOUT_RETURN_TYPE = YES_ERROR;
				GCC_WARN_UNDECLARED_SELECTOR = YES;
				GCC_WARN_UNINITIALIZED_AUTOS = YES_AGGRESSIVE;
				GCC_WARN_UNUSED_FUNCTION = YES;
				GCC_WARN_UNUSED_VARIABLE = YES;
				IPHONEOS_DEPLOYMENT_TARGET = 10.0;
				MTL_ENABLE_DEBUG_INFO = YES;
				ONLY_ACTIVE_ARCH = YES;
				SDKROOT = iphoneos;
				SWIFT_ACTIVE_COMPILATION_CONDITIONS = DEBUG;
				SWIFT_OPTIMIZATION_LEVEL = "-Onone";
			};
			name = Debug;
		};
		9D0E82C81D62C2D700EFE42D /* Release */ = {
			isa = XCBuildConfiguration;
			buildSettings = {
				ALWAYS_SEARCH_USER_PATHS = NO;
				CLANG_ANALYZER_NONNULL = YES;
				CLANG_CXX_LANGUAGE_STANDARD = "gnu++0x";
				CLANG_CXX_LIBRARY = "libc++";
				CLANG_ENABLE_MODULES = YES;
				CLANG_ENABLE_OBJC_ARC = YES;
				CLANG_WARN_BOOL_CONVERSION = YES;
				CLANG_WARN_CONSTANT_CONVERSION = YES;
				CLANG_WARN_DIRECT_OBJC_ISA_USAGE = YES_ERROR;
				CLANG_WARN_DOCUMENTATION_COMMENTS = YES;
				CLANG_WARN_EMPTY_BODY = YES;
				CLANG_WARN_ENUM_CONVERSION = YES;
				CLANG_WARN_INFINITE_RECURSION = YES;
				CLANG_WARN_INT_CONVERSION = YES;
				CLANG_WARN_OBJC_ROOT_CLASS = YES_ERROR;
				CLANG_WARN_SUSPICIOUS_MOVES = YES;
				CLANG_WARN_UNREACHABLE_CODE = YES;
				CLANG_WARN__DUPLICATE_METHOD_MATCH = YES;
				"CODE_SIGN_IDENTITY[sdk=iphoneos*]" = "iPhone Developer";
				COPY_PHASE_STRIP = NO;
				DEBUG_INFORMATION_FORMAT = "dwarf-with-dsym";
				ENABLE_NS_ASSERTIONS = NO;
				ENABLE_STRICT_OBJC_MSGSEND = YES;
				GCC_C_LANGUAGE_STANDARD = gnu99;
				GCC_NO_COMMON_BLOCKS = YES;
				GCC_WARN_64_TO_32_BIT_CONVERSION = YES;
				GCC_WARN_ABOUT_RETURN_TYPE = YES_ERROR;
				GCC_WARN_UNDECLARED_SELECTOR = YES;
				GCC_WARN_UNINITIALIZED_AUTOS = YES_AGGRESSIVE;
				GCC_WARN_UNUSED_FUNCTION = YES;
				GCC_WARN_UNUSED_VARIABLE = YES;
				IPHONEOS_DEPLOYMENT_TARGET = 10.0;
				MTL_ENABLE_DEBUG_INFO = NO;
				SDKROOT = iphoneos;
				SWIFT_OPTIMIZATION_LEVEL = "-Owholemodule";
				VALIDATE_PRODUCT = YES;
			};
			name = Release;
		};
		9D0E82CA1D62C2D700EFE42D /* Debug */ = {
			isa = XCBuildConfiguration;
			buildSettings = {
				ALWAYS_EMBED_SWIFT_STANDARD_LIBRARIES = YES;
				ASSETCATALOG_COMPILER_APPICON_NAME = AppIcon;
				DEVELOPMENT_TEAM = J49BFWP8H6;
				INFOPLIST_FILE = "UT Meal Plan Tracker/Info.plist";
				LD_RUNPATH_SEARCH_PATHS = "$(inherited) @executable_path/Frameworks";
				PRODUCT_BUNDLE_IDENTIFIER = "me.souvik.UT-Meal-Plan-Tracker";
				PRODUCT_NAME = "$(TARGET_NAME)";
				SWIFT_VERSION = 3.0;
			};
			name = Debug;
		};
		9D0E82CB1D62C2D700EFE42D /* Release */ = {
			isa = XCBuildConfiguration;
			buildSettings = {
				ALWAYS_EMBED_SWIFT_STANDARD_LIBRARIES = YES;
				ASSETCATALOG_COMPILER_APPICON_NAME = AppIcon;
				DEVELOPMENT_TEAM = J49BFWP8H6;
				INFOPLIST_FILE = "UT Meal Plan Tracker/Info.plist";
				LD_RUNPATH_SEARCH_PATHS = "$(inherited) @executable_path/Frameworks";
				PRODUCT_BUNDLE_IDENTIFIER = "me.souvik.UT-Meal-Plan-Tracker";
				PRODUCT_NAME = "$(TARGET_NAME)";
				SWIFT_VERSION = 3.0;
			};
			name = Release;
		};
		9D0E82CD1D62C2D700EFE42D /* Debug */ = {
			isa = XCBuildConfiguration;
			buildSettings = {
				ALWAYS_EMBED_SWIFT_STANDARD_LIBRARIES = YES;
				BUNDLE_LOADER = "$(TEST_HOST)";
				DEVELOPMENT_TEAM = J49BFWP8H6;
				INFOPLIST_FILE = "UT Meal Plan TrackerTests/Info.plist";
				LD_RUNPATH_SEARCH_PATHS = "$(inherited) @executable_path/Frameworks @loader_path/Frameworks";
				PRODUCT_BUNDLE_IDENTIFIER = "me.souvik.UT-Meal-Plan-TrackerTests";
				PRODUCT_NAME = "$(TARGET_NAME)";
				SWIFT_VERSION = 3.0;
				TEST_HOST = "$(BUILT_PRODUCTS_DIR)/UT Meal Plan Tracker.app/UT Meal Plan Tracker";
			};
			name = Debug;
		};
		9D0E82CE1D62C2D700EFE42D /* Release */ = {
			isa = XCBuildConfiguration;
			buildSettings = {
				ALWAYS_EMBED_SWIFT_STANDARD_LIBRARIES = YES;
				BUNDLE_LOADER = "$(TEST_HOST)";
				DEVELOPMENT_TEAM = J49BFWP8H6;
				INFOPLIST_FILE = "UT Meal Plan TrackerTests/Info.plist";
				LD_RUNPATH_SEARCH_PATHS = "$(inherited) @executable_path/Frameworks @loader_path/Frameworks";
				PRODUCT_BUNDLE_IDENTIFIER = "me.souvik.UT-Meal-Plan-TrackerTests";
				PRODUCT_NAME = "$(TARGET_NAME)";
				SWIFT_VERSION = 3.0;
				TEST_HOST = "$(BUILT_PRODUCTS_DIR)/UT Meal Plan Tracker.app/UT Meal Plan Tracker";
			};
			name = Release;
		};
		9D0E82D01D62C2D700EFE42D /* Debug */ = {
			isa = XCBuildConfiguration;
			buildSettings = {
				ALWAYS_EMBED_SWIFT_STANDARD_LIBRARIES = YES;
				DEVELOPMENT_TEAM = J49BFWP8H6;
				INFOPLIST_FILE = "UT Meal Plan TrackerUITests/Info.plist";
				LD_RUNPATH_SEARCH_PATHS = "$(inherited) @executable_path/Frameworks @loader_path/Frameworks";
				PRODUCT_BUNDLE_IDENTIFIER = "me.souvik.UT-Meal-Plan-TrackerUITests";
				PRODUCT_NAME = "$(TARGET_NAME)";
				SWIFT_VERSION = 3.0;
				TEST_TARGET_NAME = "UT Meal Plan Tracker";
			};
			name = Debug;
		};
		9D0E82D11D62C2D700EFE42D /* Release */ = {
			isa = XCBuildConfiguration;
			buildSettings = {
				ALWAYS_EMBED_SWIFT_STANDARD_LIBRARIES = YES;
				DEVELOPMENT_TEAM = J49BFWP8H6;
				INFOPLIST_FILE = "UT Meal Plan TrackerUITests/Info.plist";
				LD_RUNPATH_SEARCH_PATHS = "$(inherited) @executable_path/Frameworks @loader_path/Frameworks";
				PRODUCT_BUNDLE_IDENTIFIER = "me.souvik.UT-Meal-Plan-TrackerUITests";
				PRODUCT_NAME = "$(TARGET_NAME)";
				SWIFT_VERSION = 3.0;
				TEST_TARGET_NAME = "UT Meal Plan Tracker";
			};
			name = Release;
		};
		9D6AD0271D63711D00D307DC /* Debug */ = {
			isa = XCBuildConfiguration;
			buildSettings = {
				DEVELOPMENT_TEAM = J49BFWP8H6;
				INFOPLIST_FILE = "UT Meal Plan Tracker Widget/Info.plist";
				LD_RUNPATH_SEARCH_PATHS = "$(inherited) @executable_path/Frameworks @executable_path/../../Frameworks";
				PRODUCT_BUNDLE_IDENTIFIER = "me.souvik.UT-Meal-Plan-Tracker.UT-Meal-Plan-Tracker-Widget";
				PRODUCT_NAME = "$(TARGET_NAME)";
				SKIP_INSTALL = YES;
				SWIFT_VERSION = 3.0;
			};
			name = Debug;
		};
		9D6AD0281D63711D00D307DC /* Release */ = {
			isa = XCBuildConfiguration;
			buildSettings = {
				DEVELOPMENT_TEAM = J49BFWP8H6;
				INFOPLIST_FILE = "UT Meal Plan Tracker Widget/Info.plist";
				LD_RUNPATH_SEARCH_PATHS = "$(inherited) @executable_path/Frameworks @executable_path/../../Frameworks";
				PRODUCT_BUNDLE_IDENTIFIER = "me.souvik.UT-Meal-Plan-Tracker.UT-Meal-Plan-Tracker-Widget";
				PRODUCT_NAME = "$(TARGET_NAME)";
				SKIP_INSTALL = YES;
				SWIFT_VERSION = 3.0;
			};
			name = Release;
		};
/* End XCBuildConfiguration section */

/* Begin XCConfigurationList section */
		9D0E829C1D62C2D700EFE42D /* Build configuration list for PBXProject "UT Meal Plan Tracker" */ = {
			isa = XCConfigurationList;
			buildConfigurations = (
				9D0E82C71D62C2D700EFE42D /* Debug */,
				9D0E82C81D62C2D700EFE42D /* Release */,
			);
			defaultConfigurationIsVisible = 0;
			defaultConfigurationName = Release;
		};
		9D0E82C91D62C2D700EFE42D /* Build configuration list for PBXNativeTarget "UT Meal Plan Tracker" */ = {
			isa = XCConfigurationList;
			buildConfigurations = (
				9D0E82CA1D62C2D700EFE42D /* Debug */,
				9D0E82CB1D62C2D700EFE42D /* Release */,
			);
			defaultConfigurationIsVisible = 0;
			defaultConfigurationName = Release;
		};
		9D0E82CC1D62C2D700EFE42D /* Build configuration list for PBXNativeTarget "UT Meal Plan TrackerTests" */ = {
			isa = XCConfigurationList;
			buildConfigurations = (
				9D0E82CD1D62C2D700EFE42D /* Debug */,
				9D0E82CE1D62C2D700EFE42D /* Release */,
			);
			defaultConfigurationIsVisible = 0;
			defaultConfigurationName = Release;
		};
		9D0E82CF1D62C2D700EFE42D /* Build configuration list for PBXNativeTarget "UT Meal Plan TrackerUITests" */ = {
			isa = XCConfigurationList;
			buildConfigurations = (
				9D0E82D01D62C2D700EFE42D /* Debug */,
				9D0E82D11D62C2D700EFE42D /* Release */,
			);
			defaultConfigurationIsVisible = 0;
			defaultConfigurationName = Release;
		};
		9D6AD0291D63711D00D307DC /* Build configuration list for PBXNativeTarget "UT Meal Plan Tracker Widget" */ = {
			isa = XCConfigurationList;
			buildConfigurations = (
				9D6AD0271D63711D00D307DC /* Debug */,
				9D6AD0281D63711D00D307DC /* Release */,
			);
			defaultConfigurationIsVisible = 0;
		};
/* End XCConfigurationList section */
	};
	rootObject = 9D0E82991D62C2D700EFE42D /* Project object */;
}
